// !$*UTF8*$!
{
	archiveVersion = 1;
	classes = {
	};
	objectVersion = 56;
	objects = {

/* Begin PBXBuildFile section */
		8003DEF62BB303FC00001DAF /* UserService.swift in Sources */ = {isa = PBXBuildFile; fileRef = 8003DEF52BB303FC00001DAF /* UserService.swift */; };
		8003DEF82BB306E500001DAF /* User.swift in Sources */ = {isa = PBXBuildFile; fileRef = 8003DEF72BB306E500001DAF /* User.swift */; };
		8003DEFB2BB3091C00001DAF /* SDWebImage in Frameworks */ = {isa = PBXBuildFile; productRef = 8003DEFA2BB3091C00001DAF /* SDWebImage */; };
		8003DEFD2BB3091C00001DAF /* SDWebImageMapKit in Frameworks */ = {isa = PBXBuildFile; productRef = 8003DEFC2BB3091C00001DAF /* SDWebImageMapKit */; };
		804475842BAF11B7000D1F8E /* AppDelegate.swift in Sources */ = {isa = PBXBuildFile; fileRef = 804475832BAF11B7000D1F8E /* AppDelegate.swift */; };
		804475862BAF11B7000D1F8E /* SceneDelegate.swift in Sources */ = {isa = PBXBuildFile; fileRef = 804475852BAF11B7000D1F8E /* SceneDelegate.swift */; };
		8044758D2BAF11B7000D1F8E /* Assets.xcassets in Resources */ = {isa = PBXBuildFile; fileRef = 8044758C2BAF11B7000D1F8E /* Assets.xcassets */; };
		804475902BAF11B7000D1F8E /* LaunchScreen.storyboard in Resources */ = {isa = PBXBuildFile; fileRef = 8044758E2BAF11B7000D1F8E /* LaunchScreen.storyboard */; };
		8044759E2BAF12A6000D1F8E /* MainTabController.swift in Sources */ = {isa = PBXBuildFile; fileRef = 8044759D2BAF12A6000D1F8E /* MainTabController.swift */; };
		804475A02BAF148B000D1F8E /* FeedController.swift in Sources */ = {isa = PBXBuildFile; fileRef = 8044759F2BAF148B000D1F8E /* FeedController.swift */; };
		804475A22BAF14DA000D1F8E /* ExploreController.swift in Sources */ = {isa = PBXBuildFile; fileRef = 804475A12BAF14DA000D1F8E /* ExploreController.swift */; };
		804475A42BAF14FF000D1F8E /* NotificationsController.swift in Sources */ = {isa = PBXBuildFile; fileRef = 804475A32BAF14FF000D1F8E /* NotificationsController.swift */; };
		804475A62BAF1518000D1F8E /* ConversationsController.swift in Sources */ = {isa = PBXBuildFile; fileRef = 804475A52BAF1518000D1F8E /* ConversationsController.swift */; };
		804475A82BAF2807000D1F8E /* Extensions.swift in Sources */ = {isa = PBXBuildFile; fileRef = 804475A72BAF2807000D1F8E /* Extensions.swift */; };
		804475AB2BAF3144000D1F8E /* LoginController.swift in Sources */ = {isa = PBXBuildFile; fileRef = 804475AA2BAF3144000D1F8E /* LoginController.swift */; };
		804475AD2BAF31B1000D1F8E /* RegisterController.swift in Sources */ = {isa = PBXBuildFile; fileRef = 804475AC2BAF31B1000D1F8E /* RegisterController.swift */; };
		804475AF2BAF589E000D1F8E /* Utilities.swift in Sources */ = {isa = PBXBuildFile; fileRef = 804475AE2BAF589E000D1F8E /* Utilities.swift */; };
		806CCD412BB1B768000EB879 /* Constants.swift in Sources */ = {isa = PBXBuildFile; fileRef = 806CCD402BB1B768000EB879 /* Constants.swift */; };
		806CCD432BB1C84F000EB879 /* AuthService.swift in Sources */ = {isa = PBXBuildFile; fileRef = 806CCD422BB1C84F000EB879 /* AuthService.swift */; };
		80DC052B2BB0738500655ABC /* GoogleService-Info.plist in Resources */ = {isa = PBXBuildFile; fileRef = 80DC052A2BB0738400655ABC /* GoogleService-Info.plist */; };
		80DC052E2BB073FB00655ABC /* FirebaseAnalytics in Frameworks */ = {isa = PBXBuildFile; productRef = 80DC052D2BB073FB00655ABC /* FirebaseAnalytics */; };
		80DC05302BB073FB00655ABC /* FirebaseAnalyticsOnDeviceConversion in Frameworks */ = {isa = PBXBuildFile; productRef = 80DC052F2BB073FB00655ABC /* FirebaseAnalyticsOnDeviceConversion */; };
		80DC05322BB073FB00655ABC /* FirebaseAnalyticsSwift in Frameworks */ = {isa = PBXBuildFile; productRef = 80DC05312BB073FB00655ABC /* FirebaseAnalyticsSwift */; };
		80DC05342BB073FB00655ABC /* FirebaseAnalyticsWithoutAdIdSupport in Frameworks */ = {isa = PBXBuildFile; productRef = 80DC05332BB073FB00655ABC /* FirebaseAnalyticsWithoutAdIdSupport */; };
		80DC05362BB073FB00655ABC /* FirebaseAppCheck in Frameworks */ = {isa = PBXBuildFile; productRef = 80DC05352BB073FB00655ABC /* FirebaseAppCheck */; };
		80DC05382BB073FB00655ABC /* FirebaseAppDistribution-Beta in Frameworks */ = {isa = PBXBuildFile; productRef = 80DC05372BB073FB00655ABC /* FirebaseAppDistribution-Beta */; };
		80DC053A2BB073FB00655ABC /* FirebaseAuth in Frameworks */ = {isa = PBXBuildFile; productRef = 80DC05392BB073FB00655ABC /* FirebaseAuth */; };
		80DC053C2BB073FB00655ABC /* FirebaseAuthCombine-Community in Frameworks */ = {isa = PBXBuildFile; productRef = 80DC053B2BB073FB00655ABC /* FirebaseAuthCombine-Community */; };
		80DC053E2BB073FB00655ABC /* FirebaseCrashlytics in Frameworks */ = {isa = PBXBuildFile; productRef = 80DC053D2BB073FB00655ABC /* FirebaseCrashlytics */; };
		80DC05402BB073FB00655ABC /* FirebaseDatabase in Frameworks */ = {isa = PBXBuildFile; productRef = 80DC053F2BB073FB00655ABC /* FirebaseDatabase */; };
		80DC05422BB073FB00655ABC /* FirebaseDatabaseSwift in Frameworks */ = {isa = PBXBuildFile; productRef = 80DC05412BB073FB00655ABC /* FirebaseDatabaseSwift */; };
		80DC05442BB073FB00655ABC /* FirebaseDynamicLinks in Frameworks */ = {isa = PBXBuildFile; productRef = 80DC05432BB073FB00655ABC /* FirebaseDynamicLinks */; };
		80DC05462BB073FB00655ABC /* FirebaseFirestore in Frameworks */ = {isa = PBXBuildFile; productRef = 80DC05452BB073FB00655ABC /* FirebaseFirestore */; };
		80DC05482BB073FB00655ABC /* FirebaseFirestoreCombine-Community in Frameworks */ = {isa = PBXBuildFile; productRef = 80DC05472BB073FB00655ABC /* FirebaseFirestoreCombine-Community */; };
		80DC054A2BB073FB00655ABC /* FirebaseFirestoreSwift in Frameworks */ = {isa = PBXBuildFile; productRef = 80DC05492BB073FB00655ABC /* FirebaseFirestoreSwift */; };
		80DC054C2BB073FB00655ABC /* FirebaseFunctions in Frameworks */ = {isa = PBXBuildFile; productRef = 80DC054B2BB073FB00655ABC /* FirebaseFunctions */; };
		80DC054E2BB073FB00655ABC /* FirebaseInstallations in Frameworks */ = {isa = PBXBuildFile; productRef = 80DC054D2BB073FB00655ABC /* FirebaseInstallations */; };
		80DC05502BB073FB00655ABC /* FirebaseMLModelDownloader in Frameworks */ = {isa = PBXBuildFile; productRef = 80DC054F2BB073FB00655ABC /* FirebaseMLModelDownloader */; };
		80DC05522BB073FB00655ABC /* FirebaseMessaging in Frameworks */ = {isa = PBXBuildFile; productRef = 80DC05512BB073FB00655ABC /* FirebaseMessaging */; };
		80DC05542BB073FB00655ABC /* FirebasePerformance in Frameworks */ = {isa = PBXBuildFile; productRef = 80DC05532BB073FB00655ABC /* FirebasePerformance */; };
		80DC05562BB073FB00655ABC /* FirebaseRemoteConfig in Frameworks */ = {isa = PBXBuildFile; productRef = 80DC05552BB073FB00655ABC /* FirebaseRemoteConfig */; };
		80DC05582BB073FB00655ABC /* FirebaseRemoteConfigSwift in Frameworks */ = {isa = PBXBuildFile; productRef = 80DC05572BB073FB00655ABC /* FirebaseRemoteConfigSwift */; };
		80DC055A2BB073FB00655ABC /* FirebaseStorage in Frameworks */ = {isa = PBXBuildFile; productRef = 80DC05592BB073FB00655ABC /* FirebaseStorage */; };
		80DC055C2BB073FB00655ABC /* FirebaseStorageCombine-Community in Frameworks */ = {isa = PBXBuildFile; productRef = 80DC055B2BB073FB00655ABC /* FirebaseStorageCombine-Community */; };
/* End PBXBuildFile section */

/* Begin PBXFileReference section */
		8003DEF52BB303FC00001DAF /* UserService.swift */ = {isa = PBXFileReference; lastKnownFileType = sourcecode.swift; name = UserService.swift; path = TwitterClone/Utils/UserService.swift; sourceTree = SOURCE_ROOT; };
		8003DEF72BB306E500001DAF /* User.swift */ = {isa = PBXFileReference; lastKnownFileType = sourcecode.swift; name = User.swift; path = TwitterClone/Utils/User.swift; sourceTree = SOURCE_ROOT; };
		804475802BAF11B7000D1F8E /* TwitterClone.app */ = {isa = PBXFileReference; explicitFileType = wrapper.application; includeInIndex = 0; path = TwitterClone.app; sourceTree = BUILT_PRODUCTS_DIR; };
		804475832BAF11B7000D1F8E /* AppDelegate.swift */ = {isa = PBXFileReference; lastKnownFileType = sourcecode.swift; path = AppDelegate.swift; sourceTree = "<group>"; };
		804475852BAF11B7000D1F8E /* SceneDelegate.swift */ = {isa = PBXFileReference; lastKnownFileType = sourcecode.swift; path = SceneDelegate.swift; sourceTree = "<group>"; };
		8044758C2BAF11B7000D1F8E /* Assets.xcassets */ = {isa = PBXFileReference; lastKnownFileType = folder.assetcatalog; path = Assets.xcassets; sourceTree = "<group>"; };
		8044758F2BAF11B7000D1F8E /* Base */ = {isa = PBXFileReference; lastKnownFileType = file.storyboard; name = Base; path = Base.lproj/LaunchScreen.storyboard; sourceTree = "<group>"; };
		804475912BAF11B7000D1F8E /* Info.plist */ = {isa = PBXFileReference; lastKnownFileType = text.plist.xml; path = Info.plist; sourceTree = "<group>"; };
		8044759D2BAF12A6000D1F8E /* MainTabController.swift */ = {isa = PBXFileReference; lastKnownFileType = sourcecode.swift; path = MainTabController.swift; sourceTree = "<group>"; };
		8044759F2BAF148B000D1F8E /* FeedController.swift */ = {isa = PBXFileReference; lastKnownFileType = sourcecode.swift; path = FeedController.swift; sourceTree = "<group>"; };
		804475A12BAF14DA000D1F8E /* ExploreController.swift */ = {isa = PBXFileReference; lastKnownFileType = sourcecode.swift; path = ExploreController.swift; sourceTree = "<group>"; };
		804475A32BAF14FF000D1F8E /* NotificationsController.swift */ = {isa = PBXFileReference; lastKnownFileType = sourcecode.swift; path = NotificationsController.swift; sourceTree = "<group>"; };
		804475A52BAF1518000D1F8E /* ConversationsController.swift */ = {isa = PBXFileReference; lastKnownFileType = sourcecode.swift; path = ConversationsController.swift; sourceTree = "<group>"; };
		804475A72BAF2807000D1F8E /* Extensions.swift */ = {isa = PBXFileReference; lastKnownFileType = sourcecode.swift; path = Extensions.swift; sourceTree = "<group>"; };
		804475AA2BAF3144000D1F8E /* LoginController.swift */ = {isa = PBXFileReference; lastKnownFileType = sourcecode.swift; path = LoginController.swift; sourceTree = "<group>"; };
		804475AC2BAF31B1000D1F8E /* RegisterController.swift */ = {isa = PBXFileReference; lastKnownFileType = sourcecode.swift; path = RegisterController.swift; sourceTree = "<group>"; };
		804475AE2BAF589E000D1F8E /* Utilities.swift */ = {isa = PBXFileReference; lastKnownFileType = sourcecode.swift; path = Utilities.swift; sourceTree = "<group>"; };
		806CCD402BB1B768000EB879 /* Constants.swift */ = {isa = PBXFileReference; lastKnownFileType = sourcecode.swift; path = Constants.swift; sourceTree = "<group>"; };
		806CCD422BB1C84F000EB879 /* AuthService.swift */ = {isa = PBXFileReference; lastKnownFileType = sourcecode.swift; name = AuthService.swift; path = TwitterClone/Utils/AuthService.swift; sourceTree = SOURCE_ROOT; };
		80DC052A2BB0738400655ABC /* GoogleService-Info.plist */ = {isa = PBXFileReference; fileEncoding = 4; lastKnownFileType = text.plist.xml; path = "GoogleService-Info.plist"; sourceTree = "<group>"; };
/* End PBXFileReference section */

/* Begin PBXFrameworksBuildPhase section */
		8044757D2BAF11B7000D1F8E /* Frameworks */ = {
			isa = PBXFrameworksBuildPhase;
			buildActionMask = 2147483647;
			files = (
				80DC05402BB073FB00655ABC /* FirebaseDatabase in Frameworks */,
				80DC05462BB073FB00655ABC /* FirebaseFirestore in Frameworks */,
				8003DEFD2BB3091C00001DAF /* SDWebImageMapKit in Frameworks */,
				80DC05542BB073FB00655ABC /* FirebasePerformance in Frameworks */,
				80DC05562BB073FB00655ABC /* FirebaseRemoteConfig in Frameworks */,
				80DC05322BB073FB00655ABC /* FirebaseAnalyticsSwift in Frameworks */,
				80DC05582BB073FB00655ABC /* FirebaseRemoteConfigSwift in Frameworks */,
				80DC052E2BB073FB00655ABC /* FirebaseAnalytics in Frameworks */,
				80DC05302BB073FB00655ABC /* FirebaseAnalyticsOnDeviceConversion in Frameworks */,
				80DC054A2BB073FB00655ABC /* FirebaseFirestoreSwift in Frameworks */,
				80DC05362BB073FB00655ABC /* FirebaseAppCheck in Frameworks */,
				80DC055C2BB073FB00655ABC /* FirebaseStorageCombine-Community in Frameworks */,
				80DC05342BB073FB00655ABC /* FirebaseAnalyticsWithoutAdIdSupport in Frameworks */,
				80DC055A2BB073FB00655ABC /* FirebaseStorage in Frameworks */,
				80DC05522BB073FB00655ABC /* FirebaseMessaging in Frameworks */,
				80DC054E2BB073FB00655ABC /* FirebaseInstallations in Frameworks */,
				80DC053A2BB073FB00655ABC /* FirebaseAuth in Frameworks */,
				80DC053E2BB073FB00655ABC /* FirebaseCrashlytics in Frameworks */,
				80DC05422BB073FB00655ABC /* FirebaseDatabaseSwift in Frameworks */,
				80DC054C2BB073FB00655ABC /* FirebaseFunctions in Frameworks */,
				80DC05382BB073FB00655ABC /* FirebaseAppDistribution-Beta in Frameworks */,
				80DC053C2BB073FB00655ABC /* FirebaseAuthCombine-Community in Frameworks */,
				80DC05502BB073FB00655ABC /* FirebaseMLModelDownloader in Frameworks */,
				80DC05442BB073FB00655ABC /* FirebaseDynamicLinks in Frameworks */,
				80DC05482BB073FB00655ABC /* FirebaseFirestoreCombine-Community in Frameworks */,
				8003DEFB2BB3091C00001DAF /* SDWebImage in Frameworks */,
			);
			runOnlyForDeploymentPostprocessing = 0;
		};
/* End PBXFrameworksBuildPhase section */

/* Begin PBXGroup section */
		804475772BAF11B7000D1F8E = {
			isa = PBXGroup;
			children = (
				804475822BAF11B7000D1F8E /* TwitterClone */,
				804475812BAF11B7000D1F8E /* Products */,
			);
			sourceTree = "<group>";
		};
		804475812BAF11B7000D1F8E /* Products */ = {
			isa = PBXGroup;
			children = (
				804475802BAF11B7000D1F8E /* TwitterClone.app */,
			);
			name = Products;
			sourceTree = "<group>";
		};
		804475822BAF11B7000D1F8E /* TwitterClone */ = {
			isa = PBXGroup;
			children = (
				8044759C2BAF1201000D1F8E /* Utils */,
				8044759B2BAF11F9000D1F8E /* Api */,
				8044759A2BAF11F1000D1F8E /* Controller */,
				804475992BAF11E8000D1F8E /* ViewModel */,
				804475982BAF11DF000D1F8E /* View */,
				804475972BAF11D4000D1F8E /* Model */,
				804475832BAF11B7000D1F8E /* AppDelegate.swift */,
				804475852BAF11B7000D1F8E /* SceneDelegate.swift */,
				8044758C2BAF11B7000D1F8E /* Assets.xcassets */,
				8044758E2BAF11B7000D1F8E /* LaunchScreen.storyboard */,
				804475912BAF11B7000D1F8E /* Info.plist */,
				80DC052A2BB0738400655ABC /* GoogleService-Info.plist */,
			);
			path = TwitterClone;
			sourceTree = "<group>";
		};
		804475972BAF11D4000D1F8E /* Model */ = {
			isa = PBXGroup;
			children = (
				8003DEF72BB306E500001DAF /* User.swift */,
			);
			path = Model;
			sourceTree = "<group>";
		};
		804475982BAF11DF000D1F8E /* View */ = {
			isa = PBXGroup;
			children = (
			);
			path = View;
			sourceTree = "<group>";
		};
		804475992BAF11E8000D1F8E /* ViewModel */ = {
			isa = PBXGroup;
			children = (
			);
			path = ViewModel;
			sourceTree = "<group>";
		};
		8044759A2BAF11F1000D1F8E /* Controller */ = {
			isa = PBXGroup;
			children = (
				804475A92BAF3125000D1F8E /* Authentication */,
				8044759D2BAF12A6000D1F8E /* MainTabController.swift */,
				8044759F2BAF148B000D1F8E /* FeedController.swift */,
				804475A12BAF14DA000D1F8E /* ExploreController.swift */,
				804475A32BAF14FF000D1F8E /* NotificationsController.swift */,
				804475A52BAF1518000D1F8E /* ConversationsController.swift */,
			);
			path = Controller;
			sourceTree = "<group>";
		};
		8044759B2BAF11F9000D1F8E /* Api */ = {
			isa = PBXGroup;
			children = (
				806CCD422BB1C84F000EB879 /* AuthService.swift */,
				8003DEF52BB303FC00001DAF /* UserService.swift */,
			);
			path = Api;
			sourceTree = "<group>";
		};
		8044759C2BAF1201000D1F8E /* Utils */ = {
			isa = PBXGroup;
			children = (
				804475A72BAF2807000D1F8E /* Extensions.swift */,
				804475AE2BAF589E000D1F8E /* Utilities.swift */,
				806CCD402BB1B768000EB879 /* Constants.swift */,
			);
			path = Utils;
			sourceTree = "<group>";
		};
		804475A92BAF3125000D1F8E /* Authentication */ = {
			isa = PBXGroup;
			children = (
				804475AA2BAF3144000D1F8E /* LoginController.swift */,
				804475AC2BAF31B1000D1F8E /* RegisterController.swift */,
			);
			path = Authentication;
			sourceTree = "<group>";
		};
/* End PBXGroup section */

/* Begin PBXNativeTarget section */
		8044757F2BAF11B7000D1F8E /* TwitterClone */ = {
			isa = PBXNativeTarget;
			buildConfigurationList = 804475942BAF11B7000D1F8E /* Build configuration list for PBXNativeTarget "TwitterClone" */;
			buildPhases = (
				8044757C2BAF11B7000D1F8E /* Sources */,
				8044757D2BAF11B7000D1F8E /* Frameworks */,
				8044757E2BAF11B7000D1F8E /* Resources */,
			);
			buildRules = (
			);
			dependencies = (
			);
			name = TwitterClone;
			packageProductDependencies = (
				80DC052D2BB073FB00655ABC /* FirebaseAnalytics */,
				80DC052F2BB073FB00655ABC /* FirebaseAnalyticsOnDeviceConversion */,
				80DC05312BB073FB00655ABC /* FirebaseAnalyticsSwift */,
				80DC05332BB073FB00655ABC /* FirebaseAnalyticsWithoutAdIdSupport */,
				80DC05352BB073FB00655ABC /* FirebaseAppCheck */,
				80DC05372BB073FB00655ABC /* FirebaseAppDistribution-Beta */,
				80DC05392BB073FB00655ABC /* FirebaseAuth */,
				80DC053B2BB073FB00655ABC /* FirebaseAuthCombine-Community */,
				80DC053D2BB073FB00655ABC /* FirebaseCrashlytics */,
				80DC053F2BB073FB00655ABC /* FirebaseDatabase */,
				80DC05412BB073FB00655ABC /* FirebaseDatabaseSwift */,
				80DC05432BB073FB00655ABC /* FirebaseDynamicLinks */,
				80DC05452BB073FB00655ABC /* FirebaseFirestore */,
				80DC05472BB073FB00655ABC /* FirebaseFirestoreCombine-Community */,
				80DC05492BB073FB00655ABC /* FirebaseFirestoreSwift */,
				80DC054B2BB073FB00655ABC /* FirebaseFunctions */,
				80DC054D2BB073FB00655ABC /* FirebaseInstallations */,
				80DC054F2BB073FB00655ABC /* FirebaseMLModelDownloader */,
				80DC05512BB073FB00655ABC /* FirebaseMessaging */,
				80DC05532BB073FB00655ABC /* FirebasePerformance */,
				80DC05552BB073FB00655ABC /* FirebaseRemoteConfig */,
				80DC05572BB073FB00655ABC /* FirebaseRemoteConfigSwift */,
				80DC05592BB073FB00655ABC /* FirebaseStorage */,
				80DC055B2BB073FB00655ABC /* FirebaseStorageCombine-Community */,
				8003DEFA2BB3091C00001DAF /* SDWebImage */,
				8003DEFC2BB3091C00001DAF /* SDWebImageMapKit */,
			);
			productName = TwitterClone;
			productReference = 804475802BAF11B7000D1F8E /* TwitterClone.app */;
			productType = "com.apple.product-type.application";
		};
/* End PBXNativeTarget section */

/* Begin PBXProject section */
		804475782BAF11B7000D1F8E /* Project object */ = {
			isa = PBXProject;
			attributes = {
				BuildIndependentTargetsInParallel = 1;
				LastSwiftUpdateCheck = 1500;
				LastUpgradeCheck = 1500;
				TargetAttributes = {
					8044757F2BAF11B7000D1F8E = {
						CreatedOnToolsVersion = 15.0.1;
					};
				};
			};
			buildConfigurationList = 8044757B2BAF11B7000D1F8E /* Build configuration list for PBXProject "TwitterClone" */;
			compatibilityVersion = "Xcode 14.0";
			developmentRegion = en;
			hasScannedForEncodings = 0;
			knownRegions = (
				en,
				Base,
			);
			mainGroup = 804475772BAF11B7000D1F8E;
			packageReferences = (
				80DC052C2BB073FB00655ABC /* XCRemoteSwiftPackageReference "firebase-ios-sdk" */,
				8003DEF92BB3091C00001DAF /* XCRemoteSwiftPackageReference "SDWebImage" */,
			);
			productRefGroup = 804475812BAF11B7000D1F8E /* Products */;
			projectDirPath = "";
			projectRoot = "";
			targets = (
				8044757F2BAF11B7000D1F8E /* TwitterClone */,
			);
		};
/* End PBXProject section */

/* Begin PBXResourcesBuildPhase section */
		8044757E2BAF11B7000D1F8E /* Resources */ = {
			isa = PBXResourcesBuildPhase;
			buildActionMask = 2147483647;
			files = (
				804475902BAF11B7000D1F8E /* LaunchScreen.storyboard in Resources */,
				8044758D2BAF11B7000D1F8E /* Assets.xcassets in Resources */,
				80DC052B2BB0738500655ABC /* GoogleService-Info.plist in Resources */,
			);
			runOnlyForDeploymentPostprocessing = 0;
		};
/* End PBXResourcesBuildPhase section */

/* Begin PBXSourcesBuildPhase section */
		8044757C2BAF11B7000D1F8E /* Sources */ = {
			isa = PBXSourcesBuildPhase;
			buildActionMask = 2147483647;
			files = (
				8003DEF62BB303FC00001DAF /* UserService.swift in Sources */,
				804475A82BAF2807000D1F8E /* Extensions.swift in Sources */,
				804475AD2BAF31B1000D1F8E /* RegisterController.swift in Sources */,
				804475AF2BAF589E000D1F8E /* Utilities.swift in Sources */,
				804475842BAF11B7000D1F8E /* AppDelegate.swift in Sources */,
				804475A62BAF1518000D1F8E /* ConversationsController.swift in Sources */,
				804475A02BAF148B000D1F8E /* FeedController.swift in Sources */,
				806CCD432BB1C84F000EB879 /* AuthService.swift in Sources */,
				8003DEF82BB306E500001DAF /* User.swift in Sources */,
				8044759E2BAF12A6000D1F8E /* MainTabController.swift in Sources */,
				804475A42BAF14FF000D1F8E /* NotificationsController.swift in Sources */,
				804475862BAF11B7000D1F8E /* SceneDelegate.swift in Sources */,
				804475A22BAF14DA000D1F8E /* ExploreController.swift in Sources */,
				804475AB2BAF3144000D1F8E /* LoginController.swift in Sources */,
				806CCD412BB1B768000EB879 /* Constants.swift in Sources */,
			);
			runOnlyForDeploymentPostprocessing = 0;
		};
/* End PBXSourcesBuildPhase section */

/* Begin PBXVariantGroup section */
		8044758E2BAF11B7000D1F8E /* LaunchScreen.storyboard */ = {
			isa = PBXVariantGroup;
			children = (
				8044758F2BAF11B7000D1F8E /* Base */,
			);
			name = LaunchScreen.storyboard;
			sourceTree = "<group>";
		};
/* End PBXVariantGroup section */

/* Begin XCBuildConfiguration section */
		804475922BAF11B7000D1F8E /* Debug */ = {
			isa = XCBuildConfiguration;
			buildSettings = {
				ALWAYS_SEARCH_USER_PATHS = NO;
				ASSETCATALOG_COMPILER_GENERATE_SWIFT_ASSET_SYMBOL_EXTENSIONS = YES;
				CLANG_ANALYZER_NONNULL = YES;
				CLANG_ANALYZER_NUMBER_OBJECT_CONVERSION = YES_AGGRESSIVE;
				CLANG_CXX_LANGUAGE_STANDARD = "gnu++20";
				CLANG_ENABLE_MODULES = YES;
				CLANG_ENABLE_OBJC_ARC = YES;
				CLANG_ENABLE_OBJC_WEAK = YES;
				CLANG_WARN_BLOCK_CAPTURE_AUTORELEASING = YES;
				CLANG_WARN_BOOL_CONVERSION = YES;
				CLANG_WARN_COMMA = YES;
				CLANG_WARN_CONSTANT_CONVERSION = YES;
				CLANG_WARN_DEPRECATED_OBJC_IMPLEMENTATIONS = YES;
				CLANG_WARN_DIRECT_OBJC_ISA_USAGE = YES_ERROR;
				CLANG_WARN_DOCUMENTATION_COMMENTS = YES;
				CLANG_WARN_EMPTY_BODY = YES;
				CLANG_WARN_ENUM_CONVERSION = YES;
				CLANG_WARN_INFINITE_RECURSION = YES;
				CLANG_WARN_INT_CONVERSION = YES;
				CLANG_WARN_NON_LITERAL_NULL_CONVERSION = YES;
				CLANG_WARN_OBJC_IMPLICIT_RETAIN_SELF = YES;
				CLANG_WARN_OBJC_LITERAL_CONVERSION = YES;
				CLANG_WARN_OBJC_ROOT_CLASS = YES_ERROR;
				CLANG_WARN_QUOTED_INCLUDE_IN_FRAMEWORK_HEADER = YES;
				CLANG_WARN_RANGE_LOOP_ANALYSIS = YES;
				CLANG_WARN_STRICT_PROTOTYPES = YES;
				CLANG_WARN_SUSPICIOUS_MOVE = YES;
				CLANG_WARN_UNGUARDED_AVAILABILITY = YES_AGGRESSIVE;
				CLANG_WARN_UNREACHABLE_CODE = YES;
				CLANG_WARN__DUPLICATE_METHOD_MATCH = YES;
				COPY_PHASE_STRIP = NO;
				DEBUG_INFORMATION_FORMAT = dwarf;
				ENABLE_STRICT_OBJC_MSGSEND = YES;
				ENABLE_TESTABILITY = YES;
				ENABLE_USER_SCRIPT_SANDBOXING = YES;
				GCC_C_LANGUAGE_STANDARD = gnu17;
				GCC_DYNAMIC_NO_PIC = NO;
				GCC_NO_COMMON_BLOCKS = YES;
				GCC_OPTIMIZATION_LEVEL = 0;
				GCC_PREPROCESSOR_DEFINITIONS = (
					"DEBUG=1",
					"$(inherited)",
				);
				GCC_WARN_64_TO_32_BIT_CONVERSION = YES;
				GCC_WARN_ABOUT_RETURN_TYPE = YES_ERROR;
				GCC_WARN_UNDECLARED_SELECTOR = YES;
				GCC_WARN_UNINITIALIZED_AUTOS = YES_AGGRESSIVE;
				GCC_WARN_UNUSED_FUNCTION = YES;
				GCC_WARN_UNUSED_VARIABLE = YES;
				IPHONEOS_DEPLOYMENT_TARGET = 17.0;
				LOCALIZATION_PREFERS_STRING_CATALOGS = YES;
				MTL_ENABLE_DEBUG_INFO = INCLUDE_SOURCE;
				MTL_FAST_MATH = YES;
				ONLY_ACTIVE_ARCH = YES;
				SDKROOT = iphoneos;
				SWIFT_ACTIVE_COMPILATION_CONDITIONS = "DEBUG $(inherited)";
				SWIFT_OPTIMIZATION_LEVEL = "-Onone";
			};
			name = Debug;
		};
		804475932BAF11B7000D1F8E /* Release */ = {
			isa = XCBuildConfiguration;
			buildSettings = {
				ALWAYS_SEARCH_USER_PATHS = NO;
				ASSETCATALOG_COMPILER_GENERATE_SWIFT_ASSET_SYMBOL_EXTENSIONS = YES;
				CLANG_ANALYZER_NONNULL = YES;
				CLANG_ANALYZER_NUMBER_OBJECT_CONVERSION = YES_AGGRESSIVE;
				CLANG_CXX_LANGUAGE_STANDARD = "gnu++20";
				CLANG_ENABLE_MODULES = YES;
				CLANG_ENABLE_OBJC_ARC = YES;
				CLANG_ENABLE_OBJC_WEAK = YES;
				CLANG_WARN_BLOCK_CAPTURE_AUTORELEASING = YES;
				CLANG_WARN_BOOL_CONVERSION = YES;
				CLANG_WARN_COMMA = YES;
				CLANG_WARN_CONSTANT_CONVERSION = YES;
				CLANG_WARN_DEPRECATED_OBJC_IMPLEMENTATIONS = YES;
				CLANG_WARN_DIRECT_OBJC_ISA_USAGE = YES_ERROR;
				CLANG_WARN_DOCUMENTATION_COMMENTS = YES;
				CLANG_WARN_EMPTY_BODY = YES;
				CLANG_WARN_ENUM_CONVERSION = YES;
				CLANG_WARN_INFINITE_RECURSION = YES;
				CLANG_WARN_INT_CONVERSION = YES;
				CLANG_WARN_NON_LITERAL_NULL_CONVERSION = YES;
				CLANG_WARN_OBJC_IMPLICIT_RETAIN_SELF = YES;
				CLANG_WARN_OBJC_LITERAL_CONVERSION = YES;
				CLANG_WARN_OBJC_ROOT_CLASS = YES_ERROR;
				CLANG_WARN_QUOTED_INCLUDE_IN_FRAMEWORK_HEADER = YES;
				CLANG_WARN_RANGE_LOOP_ANALYSIS = YES;
				CLANG_WARN_STRICT_PROTOTYPES = YES;
				CLANG_WARN_SUSPICIOUS_MOVE = YES;
				CLANG_WARN_UNGUARDED_AVAILABILITY = YES_AGGRESSIVE;
				CLANG_WARN_UNREACHABLE_CODE = YES;
				CLANG_WARN__DUPLICATE_METHOD_MATCH = YES;
				COPY_PHASE_STRIP = NO;
				DEBUG_INFORMATION_FORMAT = "dwarf-with-dsym";
				ENABLE_NS_ASSERTIONS = NO;
				ENABLE_STRICT_OBJC_MSGSEND = YES;
				ENABLE_USER_SCRIPT_SANDBOXING = YES;
				GCC_C_LANGUAGE_STANDARD = gnu17;
				GCC_NO_COMMON_BLOCKS = YES;
				GCC_WARN_64_TO_32_BIT_CONVERSION = YES;
				GCC_WARN_ABOUT_RETURN_TYPE = YES_ERROR;
				GCC_WARN_UNDECLARED_SELECTOR = YES;
				GCC_WARN_UNINITIALIZED_AUTOS = YES_AGGRESSIVE;
				GCC_WARN_UNUSED_FUNCTION = YES;
				GCC_WARN_UNUSED_VARIABLE = YES;
				IPHONEOS_DEPLOYMENT_TARGET = 17.0;
				LOCALIZATION_PREFERS_STRING_CATALOGS = YES;
				MTL_ENABLE_DEBUG_INFO = NO;
				MTL_FAST_MATH = YES;
				SDKROOT = iphoneos;
				SWIFT_COMPILATION_MODE = wholemodule;
				VALIDATE_PRODUCT = YES;
			};
			name = Release;
		};
		804475952BAF11B7000D1F8E /* Debug */ = {
			isa = XCBuildConfiguration;
			buildSettings = {
				ASSETCATALOG_COMPILER_APPICON_NAME = AppIcon;
				ASSETCATALOG_COMPILER_GLOBAL_ACCENT_COLOR_NAME = AccentColor;
				CODE_SIGN_STYLE = Automatic;
				CURRENT_PROJECT_VERSION = 1;
				GENERATE_INFOPLIST_FILE = YES;
				INFOPLIST_FILE = TwitterClone/Info.plist;
				INFOPLIST_KEY_UIApplicationSupportsIndirectInputEvents = YES;
				INFOPLIST_KEY_UILaunchStoryboardName = LaunchScreen;
				INFOPLIST_KEY_UISupportedInterfaceOrientations_iPad = "UIInterfaceOrientationPortrait UIInterfaceOrientationPortraitUpsideDown UIInterfaceOrientationLandscapeLeft UIInterfaceOrientationLandscapeRight";
				INFOPLIST_KEY_UISupportedInterfaceOrientations_iPhone = "UIInterfaceOrientationPortrait UIInterfaceOrientationLandscapeLeft UIInterfaceOrientationLandscapeRight";
				LD_RUNPATH_SEARCH_PATHS = (
					"$(inherited)",
					"@executable_path/Frameworks",
				);
				MARKETING_VERSION = 1.0;
				PRODUCT_BUNDLE_IDENTIFIER = com.madeean.TwitterClone;
				PRODUCT_NAME = "$(TARGET_NAME)";
				SWIFT_EMIT_LOC_STRINGS = YES;
				SWIFT_VERSION = 5.0;
				TARGETED_DEVICE_FAMILY = "1,2";
			};
			name = Debug;
		};
		804475962BAF11B7000D1F8E /* Release */ = {
			isa = XCBuildConfiguration;
			buildSettings = {
				ASSETCATALOG_COMPILER_APPICON_NAME = AppIcon;
				ASSETCATALOG_COMPILER_GLOBAL_ACCENT_COLOR_NAME = AccentColor;
				CODE_SIGN_STYLE = Automatic;
				CURRENT_PROJECT_VERSION = 1;
				GENERATE_INFOPLIST_FILE = YES;
				INFOPLIST_FILE = TwitterClone/Info.plist;
				INFOPLIST_KEY_UIApplicationSupportsIndirectInputEvents = YES;
				INFOPLIST_KEY_UILaunchStoryboardName = LaunchScreen;
				INFOPLIST_KEY_UISupportedInterfaceOrientations_iPad = "UIInterfaceOrientationPortrait UIInterfaceOrientationPortraitUpsideDown UIInterfaceOrientationLandscapeLeft UIInterfaceOrientationLandscapeRight";
				INFOPLIST_KEY_UISupportedInterfaceOrientations_iPhone = "UIInterfaceOrientationPortrait UIInterfaceOrientationLandscapeLeft UIInterfaceOrientationLandscapeRight";
				LD_RUNPATH_SEARCH_PATHS = (
					"$(inherited)",
					"@executable_path/Frameworks",
				);
				MARKETING_VERSION = 1.0;
				PRODUCT_BUNDLE_IDENTIFIER = com.madeean.TwitterClone;
				PRODUCT_NAME = "$(TARGET_NAME)";
				SWIFT_EMIT_LOC_STRINGS = YES;
				SWIFT_VERSION = 5.0;
				TARGETED_DEVICE_FAMILY = "1,2";
			};
			name = Release;
		};
/* End XCBuildConfiguration section */

/* Begin XCConfigurationList section */
		8044757B2BAF11B7000D1F8E /* Build configuration list for PBXProject "TwitterClone" */ = {
			isa = XCConfigurationList;
			buildConfigurations = (
				804475922BAF11B7000D1F8E /* Debug */,
				804475932BAF11B7000D1F8E /* Release */,
			);
			defaultConfigurationIsVisible = 0;
			defaultConfigurationName = Release;
		};
		804475942BAF11B7000D1F8E /* Build configuration list for PBXNativeTarget "TwitterClone" */ = {
			isa = XCConfigurationList;
			buildConfigurations = (
				804475952BAF11B7000D1F8E /* Debug */,
				804475962BAF11B7000D1F8E /* Release */,
			);
			defaultConfigurationIsVisible = 0;
			defaultConfigurationName = Release;
		};
/* End XCConfigurationList section */

/* Begin XCRemoteSwiftPackageReference section */
		8003DEF92BB3091C00001DAF /* XCRemoteSwiftPackageReference "SDWebImage" */ = {
			isa = XCRemoteSwiftPackageReference;
			repositoryURL = "https://github.com/SDWebImage/SDWebImage.git";
			requirement = {
				kind = upToNextMajorVersion;
				minimumVersion = 5.19.1;
			};
		};
		80DC052C2BB073FB00655ABC /* XCRemoteSwiftPackageReference "firebase-ios-sdk" */ = {
			isa = XCRemoteSwiftPackageReference;
			repositoryURL = "https://github.com/firebase/firebase-ios-sdk";
			requirement = {
				kind = upToNextMajorVersion;
				minimumVersion = 10.23.0;
			};
		};
/* End XCRemoteSwiftPackageReference section */

/* Begin XCSwiftPackageProductDependency section */
		8003DEFA2BB3091C00001DAF /* SDWebImage */ = {
			isa = XCSwiftPackageProductDependency;
			package = 8003DEF92BB3091C00001DAF /* XCRemoteSwiftPackageReference "SDWebImage" */;
			productName = SDWebImage;
		};
		8003DEFC2BB3091C00001DAF /* SDWebImageMapKit */ = {
			isa = XCSwiftPackageProductDependency;
			package = 8003DEF92BB3091C00001DAF /* XCRemoteSwiftPackageReference "SDWebImage" */;
			productName = SDWebImageMapKit;
		};
		80DC052D2BB073FB00655ABC /* FirebaseAnalytics */ = {
			isa = XCSwiftPackageProductDependency;
			package = 80DC052C2BB073FB00655ABC /* XCRemoteSwiftPackageReference "firebase-ios-sdk" */;
			productName = FirebaseAnalytics;
		};
		80DC052F2BB073FB00655ABC /* FirebaseAnalyticsOnDeviceConversion */ = {
			isa = XCSwiftPackageProductDependency;
			package = 80DC052C2BB073FB00655ABC /* XCRemoteSwiftPackageReference "firebase-ios-sdk" */;
			productName = FirebaseAnalyticsOnDeviceConversion;
		};
		80DC05312BB073FB00655ABC /* FirebaseAnalyticsSwift */ = {
			isa = XCSwiftPackageProductDependency;
			package = 80DC052C2BB073FB00655ABC /* XCRemoteSwiftPackageReference "firebase-ios-sdk" */;
			productName = FirebaseAnalyticsSwift;
		};
		80DC05332BB073FB00655ABC /* FirebaseAnalyticsWithoutAdIdSupport */ = {
			isa = XCSwiftPackageProductDependency;
			package = 80DC052C2BB073FB00655ABC /* XCRemoteSwiftPackageReference "firebase-ios-sdk" */;
			productName = FirebaseAnalyticsWithoutAdIdSupport;
		};
		80DC05352BB073FB00655ABC /* FirebaseAppCheck */ = {
			isa = XCSwiftPackageProductDependency;
			package = 80DC052C2BB073FB00655ABC /* XCRemoteSwiftPackageReference "firebase-ios-sdk" */;
			productName = FirebaseAppCheck;
		};
		80DC05372BB073FB00655ABC /* FirebaseAppDistribution-Beta */ = {
			isa = XCSwiftPackageProductDependency;
			package = 80DC052C2BB073FB00655ABC /* XCRemoteSwiftPackageReference "firebase-ios-sdk" */;
			productName = "FirebaseAppDistribution-Beta";
		};
		80DC05392BB073FB00655ABC /* FirebaseAuth */ = {
			isa = XCSwiftPackageProductDependency;
			package = 80DC052C2BB073FB00655ABC /* XCRemoteSwiftPackageReference "firebase-ios-sdk" */;
			productName = FirebaseAuth;
		};
		80DC053B2BB073FB00655ABC /* FirebaseAuthCombine-Community */ = {
			isa = XCSwiftPackageProductDependency;
			package = 80DC052C2BB073FB00655ABC /* XCRemoteSwiftPackageReference "firebase-ios-sdk" */;
			productName = "FirebaseAuthCombine-Community";
		};
		80DC053D2BB073FB00655ABC /* FirebaseCrashlytics */ = {
			isa = XCSwiftPackageProductDependency;
			package = 80DC052C2BB073FB00655ABC /* XCRemoteSwiftPackageReference "firebase-ios-sdk" */;
			productName = FirebaseCrashlytics;
		};
		80DC053F2BB073FB00655ABC /* FirebaseDatabase */ = {
			isa = XCSwiftPackageProductDependency;
			package = 80DC052C2BB073FB00655ABC /* XCRemoteSwiftPackageReference "firebase-ios-sdk" */;
			productName = FirebaseDatabase;
		};
		80DC05412BB073FB00655ABC /* FirebaseDatabaseSwift */ = {
			isa = XCSwiftPackageProductDependency;
			package = 80DC052C2BB073FB00655ABC /* XCRemoteSwiftPackageReference "firebase-ios-sdk" */;
			productName = FirebaseDatabaseSwift;
		};
		80DC05432BB073FB00655ABC /* FirebaseDynamicLinks */ = {
			isa = XCSwiftPackageProductDependency;
			package = 80DC052C2BB073FB00655ABC /* XCRemoteSwiftPackageReference "firebase-ios-sdk" */;
			productName = FirebaseDynamicLinks;
		};
		80DC05452BB073FB00655ABC /* FirebaseFirestore */ = {
			isa = XCSwiftPackageProductDependency;
			package = 80DC052C2BB073FB00655ABC /* XCRemoteSwiftPackageReference "firebase-ios-sdk" */;
			productName = FirebaseFirestore;
		};
		80DC05472BB073FB00655ABC /* FirebaseFirestoreCombine-Community */ = {
			isa = XCSwiftPackageProductDependency;
			package = 80DC052C2BB073FB00655ABC /* XCRemoteSwiftPackageReference "firebase-ios-sdk" */;
			productName = "FirebaseFirestoreCombine-Community";
		};
		80DC05492BB073FB00655ABC /* FirebaseFirestoreSwift */ = {
			isa = XCSwiftPackageProductDependency;
			package = 80DC052C2BB073FB00655ABC /* XCRemoteSwiftPackageReference "firebase-ios-sdk" */;
			productName = FirebaseFirestoreSwift;
		};
		80DC054B2BB073FB00655ABC /* FirebaseFunctions */ = {
			isa = XCSwiftPackageProductDependency;
			package = 80DC052C2BB073FB00655ABC /* XCRemoteSwiftPackageReference "firebase-ios-sdk" */;
			productName = FirebaseFunctions;
		};
		80DC054D2BB073FB00655ABC /* FirebaseInstallations */ = {
			isa = XCSwiftPackageProductDependency;
			package = 80DC052C2BB073FB00655ABC /* XCRemoteSwiftPackageReference "firebase-ios-sdk" */;
			productName = FirebaseInstallations;
		};
		80DC054F2BB073FB00655ABC /* FirebaseMLModelDownloader */ = {
			isa = XCSwiftPackageProductDependency;
			package = 80DC052C2BB073FB00655ABC /* XCRemoteSwiftPackageReference "firebase-ios-sdk" */;
			productName = FirebaseMLModelDownloader;
		};
		80DC05512BB073FB00655ABC /* FirebaseMessaging */ = {
			isa = XCSwiftPackageProductDependency;
			package = 80DC052C2BB073FB00655ABC /* XCRemoteSwiftPackageReference "firebase-ios-sdk" */;
			productName = FirebaseMessaging;
		};
		80DC05532BB073FB00655ABC /* FirebasePerformance */ = {
			isa = XCSwiftPackageProductDependency;
			package = 80DC052C2BB073FB00655ABC /* XCRemoteSwiftPackageReference "firebase-ios-sdk" */;
			productName = FirebasePerformance;
		};
		80DC05552BB073FB00655ABC /* FirebaseRemoteConfig */ = {
			isa = XCSwiftPackageProductDependency;
			package = 80DC052C2BB073FB00655ABC /* XCRemoteSwiftPackageReference "firebase-ios-sdk" */;
			productName = FirebaseRemoteConfig;
		};
		80DC05572BB073FB00655ABC /* FirebaseRemoteConfigSwift */ = {
			isa = XCSwiftPackageProductDependency;
			package = 80DC052C2BB073FB00655ABC /* XCRemoteSwiftPackageReference "firebase-ios-sdk" */;
			productName = FirebaseRemoteConfigSwift;
		};
		80DC05592BB073FB00655ABC /* FirebaseStorage */ = {
			isa = XCSwiftPackageProductDependency;
			package = 80DC052C2BB073FB00655ABC /* XCRemoteSwiftPackageReference "firebase-ios-sdk" */;
			productName = FirebaseStorage;
		};
		80DC055B2BB073FB00655ABC /* FirebaseStorageCombine-Community */ = {
			isa = XCSwiftPackageProductDependency;
			package = 80DC052C2BB073FB00655ABC /* XCRemoteSwiftPackageReference "firebase-ios-sdk" */;
			productName = "FirebaseStorageCombine-Community";
		};
/* End XCSwiftPackageProductDependency section */
	};
	rootObject = 804475782BAF11B7000D1F8E /* Project object */;
}
